
Microsoft Visual Studio Solution File, Format Version 12.00
# Visual Studio Version 17
VisualStudioVersion = 17.9.34616.47
MinimumVisualStudioVersion = 10.0.40219.1
Project("{9A19103F-16F7-4668-BE54-9A1E7A4F7556}") = "WinAGI GDS", "WinAGI GDS.csproj", "{A81CF5EA-0D5D-4E4C-8BBB-D082D1FABE59}"
EndProject
Project("{9A19103F-16F7-4668-BE54-9A1E7A4F7556}") = "WinAGI", "WinAGI\WinAGI.csproj", "{2FCB12F5-B974-4548-887F-E120552A751C}"
EndProject
Global
	GlobalSection(SolutionConfigurationPlatforms) = preSolution
		Debug|Any CPU = Debug|Any CPU
		Release|Any CPU = Release|Any CPU
	EndGlobalSection
	GlobalSection(ProjectConfigurationPlatforms) = postSolution
		{A81CF5EA-0D5D-4E4C-8BBB-D082D1FABE59}.Debug|Any CPU.ActiveCfg = Debug|Any CPU
		{A81CF5EA-0D5D-4E4C-8BBB-D082D1FABE59}.Debug|Any CPU.Build.0 = Debug|Any CPU
		{A81CF5EA-0D5D-4E4C-8BBB-D082D1FABE59}.Release|Any CPU.ActiveCfg = Release|Any CPU
		{A81CF5EA-0D5D-4E4C-8BBB-D082D1FABE59}.Release|Any CPU.Build.0 = Release|Any CPU
		{2FCB12F5-B974-4548-887F-E120552A751C}.Debug|Any CPU.ActiveCfg = Debug|Any CPU
		{2FCB12F5-B974-4548-887F-E120552A751C}.Debug|Any CPU.Build.0 = Debug|Any CPU
		{2FCB12F5-B974-4548-887F-E120552A751C}.Release|Any CPU.ActiveCfg = Release|Any CPU
		{2FCB12F5-B974-4548-887F-E120552A751C}.Release|Any CPU.Build.0 = Release|Any CPU
	EndGlobalSection
	GlobalSection(SolutionProperties) = preSolution
		HideSolutionNode = FALSE
	EndGlobalSection
	GlobalSection(ExtensibilityGlobals) = postSolution
		SolutionGuid = {6E3CAA91-1C9B-4430-AA13-3F1993F72C0A}
	EndGlobalSection
EndGlobal
